Microsoft Visual Studio Solution File, Format Version 12.00
# Visual Studio Version 17
VisualStudioVersion = 17.5.2.0
MinimumVisualStudioVersion = 10.0.40219.1
Project("{FAE04EC0-301F-11D3-BF4B-00C04F79EFBC}") = "MyAnimeRecs.Api", "MyAnimeRecs.Api\MyAnimeRecs.Api.csproj", "{F30668F7-AC6C-01EC-794F-8EBCDB581B8F}"
EndProject
Global
	GlobalSection(SolutionConfigurationPlatforms) = preSolution
		Debug|Any CPU = Debug|Any CPU
		Release|Any CPU = Release|Any CPU
	EndGlobalSection
	GlobalSection(ProjectConfigurationPlatforms) = postSolution
		{F30668F7-AC6C-01EC-794F-8EBCDB581B8F}.Debug|Any CPU.ActiveCfg = Debug|Any CPU
		{F30668F7-AC6C-01EC-794F-8EBCDB581B8F}.Debug|Any CPU.Build.0 = Debug|Any CPU
		{F30668F7-AC6C-01EC-794F-8EBCDB581B8F}.Release|Any CPU.ActiveCfg = Release|Any CPU
		{F30668F7-AC6C-01EC-794F-8EBCDB581B8F}.Release|Any CPU.Build.0 = Release|Any CPU
	EndGlobalSection
	GlobalSection(SolutionProperties) = preSolution
		HideSolutionNode = FALSE
	EndGlobalSection
	GlobalSection(ExtensibilityGlobals) = postSolution
		SolutionGuid = {7A3B49CF-123C-413D-A1C1-0916CDF92BFA}
	EndGlobalSection
EndGlobal
